
Microsoft Visual Studio Solution File, Format Version 12.00
# Visual Studio Version 17
VisualStudioVersion = 17.1.32319.34
MinimumVisualStudioVersion = 10.0.40219.1
Project("{888888A0-9F3D-457C-B088-3A5042F75D52}") = "login system", "login system\login system.pyproj", "{8E964950-FFC4-4181-8C5D-B28EAB6573DD}"
EndProject
Global
	GlobalSection(SolutionConfigurationPlatforms) = preSolution
		Debug|Any CPU = Debug|Any CPU
		Release|Any CPU = Release|Any CPU
	EndGlobalSection
	GlobalSection(ProjectConfigurationPlatforms) = postSolution
		{8E964950-FFC4-4181-8C5D-B28EAB6573DD}.Debug|Any CPU.ActiveCfg = Debug|Any CPU
		{8E964950-FFC4-4181-8C5D-B28EAB6573DD}.Release|Any CPU.ActiveCfg = Release|Any CPU
	EndGlobalSection
	GlobalSection(SolutionProperties) = preSolution
		HideSolutionNode = FALSE
	EndGlobalSection
	GlobalSection(ExtensibilityGlobals) = postSolution
		SolutionGuid = {6C3A3444-0336-486F-A1E6-A28A30BF2FFD}
	EndGlobalSection
EndGlobal
